<?xml version="1.0" encoding="UTF-8" standalone="yes" ?>
<CodeBlocks_project_file>
	<FileVersion major="1" minor="6" />
	<Project>
		<Option title="hurrican" />
		<Option pch_mode="2" />
		<Option compiler="gcc" />
		<Build>
			<Target title="WIN32 GL1 Debug">
				<Option output="hurrican_dbg" prefix_auto="1" extension_auto="1" />
				<Option object_output="obj/Debug/" />
				<Option type="1" />
				<Option compiler="gcc" />
				<Option parameters="--windowmode" />
				<Compiler>
					<Add option="-g" />
					<Add option="-D__WIN32__" />
					<Add option="-DDEBUG" />
					<Add option="-DUSE_GL1" />
					<Add option="-DRGBA_5551" />
				</Compiler>
				<Linker>
					<Add option="-lmingw32 -lSDLmain -mwindows" />
					<Add library="opengl32" />
				</Linker>
			</Target>
			<Target title="WIN32 GL2 Debug">
				<Option output="hurrican_dbg" prefix_auto="1" extension_auto="1" />
				<Option object_output="obj/Debug/" />
				<Option type="1" />
				<Option compiler="gcc" />
				<Option parameters="--windowmode" />
				<Compiler>
					<Add option="-g" />
					<Add option="-D__WIN32__" />
					<Add option="-DDEBUG" />
					<Add option="-DUSE_GL2" />
					<Add option="-DRGBA_5551" />
				</Compiler>
				<Linker>
					<Add option="-lmingw32 -lSDLmain -mwindows" />
					<Add library="opengl32" />
				</Linker>
			</Target>
			<Target title="Release">
				<Option output="hurrican" prefix_auto="1" extension_auto="1" />
				<Option object_output="obj/Release/" />
				<Option type="1" />
				<Option compiler="gcc" />
				<Compiler>
					<Add option="-O2" />
					<Add option="-D__WIN32__" />
				</Compiler>
				<Linker>
					<Add option="-s" />
				</Linker>
			</Target>
			<Target title="Linux GL1 Debug">
				<Option output="hurrican_dbg" prefix_auto="1" extension_auto="1" />
				<Option object_output="obj/Debug/" />
				<Option type="1" />
				<Option compiler="gcc" />
				<Option parameters="--windowmode --texfactor 4 --texsizemin 512" />
				<Compiler>
					<Add option="-g" />
					<Add option="-DDEBUG" />
					<Add option="-DUSE_GL1" />
					<Add option="-DUSE_MODPLUG" />
					<Add option="-DRGBA_5551" />
					<Add directory="/usr/include/GL" />
				</Compiler>
				<Linker>
					<Add option="-lc" />
					<Add library="GL" />
					<Add library="modplug" />
				</Linker>
			</Target>
			<Target title="Linux GL2 Debug">
				<Option output="hurrican_dbg" prefix_auto="1" extension_auto="1" />
				<Option object_output="obj/Debug/" />
				<Option type="1" />
				<Option compiler="gcc" />
				<Option parameters="--windowmode" />
				<Compiler>
					<Add option="-g" />
					<Add option="-DDEBUG" />
					<Add option="-DUSE_GL2" />
					<Add option="-DUSE_MODPLUG" />
					<Add option="-DRGBA_5551" />
					<Add directory="/usr/include/GL" />
				</Compiler>
				<Linker>
					<Add option="-lc" />
					<Add library="GL" />
					<Add library="modplug" />
				</Linker>
			</Target>
			<Target title="Linux GLES1 Debug">
				<Option output="hurrican_dbg" prefix_auto="1" extension_auto="1" />
				<Option object_output="obj/Debug/" />
				<Option type="1" />
				<Option compiler="gcc" />
				<Option parameters="--windowmode" />
				<Compiler>
					<Add option="-g" />
					<Add option="-DDEBUG" />
					<Add option="-DUSE_GL1" />
					<Add option="-DUSE_GLES1" />
					<Add option="-DUSE_EGL_SDL" />
					<Add option="-DUSE_MODPLUG" />
					<Add option="-DRGBA_5551" />
					<Add directory="/usr/include/GLES" />
				</Compiler>
				<Linker>
					<Add option="-lc" />
					<Add library="GLESv1_CM" />
					<Add library="EGL" />
					<Add library="X11" />
					<Add library="modplug" />
				</Linker>
			</Target>
			<Target title="Linux GLES2 Debug">
				<Option output="hurrican_dbg" prefix_auto="1" extension_auto="1" />
				<Option object_output="obj/Debug/" />
				<Option type="1" />
				<Option compiler="gcc" />
				<Option parameters="--windowmode" />
				<Compiler>
					<Add option="-g" />
					<Add option="-DDEBUG" />
					<Add option="-DUSE_GL2" />
					<Add option="-DUSE_GLES2" />
					<Add option="-DUSE_EGL_SDL" />
					<Add option="-DUSE_MODPLUG" />
					<Add option="-DRGBA_5551" />
					<Add directory="/usr/include/GLES2" />
				</Compiler>
				<Linker>
					<Add option="-lc" />
					<Add library="GLESv2" />
					<Add library="EGL" />
					<Add library="X11" />
					<Add library="modplug" />
				</Linker>
			</Target>
			<Target title="Pandora GLES1">
				<Option output="hurrican_pnd" prefix_auto="1" extension_auto="1" />
				<Option object_output="obj/pnd" />
				<Option type="1" />
				<Option compiler="cb201009_pandora_code_sourcery" />
				<Compiler>
					<Add option="-DUSE_EGL_SDL" />
					<Add option="-DUSE_GL1" />
					<Add option="-DUSE_GLES1" />
					<Add option="-DUSE_PVRTC" />
					<Add option="-DUSE_MODPLUG" />
					<Add option="-DPANDORA" />
					<Add directory="../../../../toolchains/pandora/arm-2011.09/usr/include/libmodplug" />
					<Add directory="../../../../toolchains/pandora/arm-2011.09/usr/include/GLES" />
				</Compiler>
				<Linker>
					<Add library="GLES_CM" />
					<Add library="EGL" />
					<Add library="IMGegl" />
					<Add library="srv_um" />
					<Add library="X11" />
					<Add library="Xau" />
					<Add library="Xdmcp" />
					<Add library="modplug" />
					<Add library="png12" />
					<Add library="tiff" />
					<Add library="jpeg" />
					<Add library="mad" />
					<Add library="z" />
					<Add library="ts" />
					<Add library="stdc++" />
				</Linker>
			</Target>
			<Target title="Pandora GLES2">
				<Option output="hurrican_pnd" prefix_auto="1" extension_auto="1" />
				<Option object_output="obj/pnd" />
				<Option type="1" />
				<Option compiler="cb201009_pandora_code_sourcery" />
				<Compiler>
					<Add option="-DUSE_EGL_SDL" />
					<Add option="-DUSE_GL2" />
					<Add option="-DUSE_GLES2" />
					<Add option="-DUSE_PVRTC" />
					<Add option="-DUSE_MODPLUG" />
					<Add option="-DPANDORA" />
					<Add directory="../../../../toolchains/pandora/arm-2010.09/usr/include/libmodplug" />
					<Add directory="../../../../toolchains/pandora/arm-2010.09/usr/include/GLES2" />
				</Compiler>
				<Linker>
					<Add library="GLESv2" />
					<Add library="EGL" />
					<Add library="IMGegl" />
					<Add library="srv_um" />
					<Add library="X11" />
					<Add library="Xau" />
					<Add library="Xdmcp" />
					<Add library="modplug" />
					<Add library="png12" />
					<Add library="tiff" />
					<Add library="jpeg" />
					<Add library="mad" />
					<Add library="z" />
					<Add library="ts" />
					<Add library="stdc++" />
				</Linker>
			</Target>
		</Build>
		<Compiler>
			<Add option="-Wall" />
			<Add option="-fsigned-char" />
			<Add option="-DPLATFORM_SDL" />
			<Add directory="src" />
			<Add directory="src/SDLPort" />
			<Add directory="src/cml" />
			<Add directory="src/unrarlib040/unrarlib" />
		</Compiler>
		<Linker>
			<Add library="SDL_image" />
			<Add library="SDL_mixer" />
			<Add library="SDL" />
		</Linker>
		<Unit filename="data/shaders/shader_color.frag">
			<Option target="&lt;{~None~}&gt;" />
		</Unit>
		<Unit filename="data/shaders/shader_color.vert">
			<Option target="&lt;{~None~}&gt;" />
		</Unit>
		<Unit filename="data/shaders/shader_texture.frag">
			<Option target="&lt;{~None~}&gt;" />
		</Unit>
		<Unit filename="data/shaders/shader_texture.vert">
			<Option target="&lt;{~None~}&gt;" />
		</Unit>
		<Unit filename="src/Boss_BigFish.cpp" />
		<Unit filename="src/Boss_BigFish.h" />
		<Unit filename="src/Boss_Bratklops.cpp" />
		<Unit filename="src/Boss_Bratklops.h" />
		<Unit filename="src/Boss_Drache.cpp" />
		<Unit filename="src/Boss_Drache.h" />
		<Unit filename="src/Boss_EisFaust.cpp" />
		<Unit filename="src/Boss_EisFaust.h" />
		<Unit filename="src/Boss_EvilHurri.cpp" />
		<Unit filename="src/Boss_EvilHurri.h" />
		<Unit filename="src/Boss_FahrstuhlBoss.cpp" />
		<Unit filename="src/Boss_FahrstuhlBoss.h" />
		<Unit filename="src/Boss_FlugBoss.cpp" />
		<Unit filename="src/Boss_FlugBoss.h" />
		<Unit filename="src/Boss_Golem.cpp" />
		<Unit filename="src/Boss_Golem.h" />
		<Unit filename="src/Boss_MetalHead.cpp" />
		<Unit filename="src/Boss_MetalHead.h" />
		<Unit filename="src/Boss_PharaoKopf.cpp" />
		<Unit filename="src/Boss_PharaoKopf.h" />
		<Unit filename="src/Boss_RiesenPiranha.cpp" />
		<Unit filename="src/Boss_RiesenPiranha.h" />
		<Unit filename="src/Boss_RiesenQualle.cpp" />
		<Unit filename="src/Boss_RiesenQualle.h" />
		<Unit filename="src/Boss_RiesenRaupe.cpp" />
		<Unit filename="src/Boss_RiesenRaupe.h" />
		<Unit filename="src/Boss_RiesenSpinne.cpp" />
		<Unit filename="src/Boss_RiesenSpinne.h" />
		<Unit filename="src/Boss_RiesenWespe.cpp" />
		<Unit filename="src/Boss_RiesenWespe.h" />
		<Unit filename="src/Boss_Rollmops.cpp" />
		<Unit filename="src/Boss_Rollmops.h" />
		<Unit filename="src/Boss_SchmidtOrgie.cpp" />
		<Unit filename="src/Boss_SchmidtOrgie.h" />
		<Unit filename="src/Boss_Schneekoenig.cpp" />
		<Unit filename="src/Boss_Schneekoenig.h" />
		<Unit filename="src/Boss_Skeletor.cpp" />
		<Unit filename="src/Boss_Skeletor.h" />
		<Unit filename="src/Boss_Skull.cpp" />
		<Unit filename="src/Boss_Skull.h" />
		<Unit filename="src/Boss_Spinnenmaschine.cpp" />
		<Unit filename="src/Boss_Spinnenmaschine.h" />
		<Unit filename="src/Boss_Stahlfaust.cpp" />
		<Unit filename="src/Boss_Stahlfaust.h" />
		<Unit filename="src/Boss_TheWall.cpp" />
		<Unit filename="src/Boss_TheWall.h" />
		<Unit filename="src/Boss_Ufo.cpp" />
		<Unit filename="src/Boss_Ufo.h" />
		<Unit filename="src/Boss_WuxeSpinnen.cpp" />
		<Unit filename="src/Boss_WuxeSpinnen.h" />
		<Unit filename="src/CCracktro.cpp" />
		<Unit filename="src/CCracktro.h" />
		<Unit filename="src/CCutScene.cpp" />
		<Unit filename="src/CCutScene.h" />
		<Unit filename="src/CDragonHack.cpp" />
		<Unit filename="src/CDragonHack.h" />
		<Unit filename="src/CGegner.h" />
		<Unit filename="src/Console.cpp" />
		<Unit filename="src/Console.h" />
		<Unit filename="src/DX8Enum.cpp" />
		<Unit filename="src/DX8Enum.h" />
		<Unit filename="src/DX8Font.cpp" />
		<Unit filename="src/DX8Font.h" />
		<Unit filename="src/DX8Graphics.cpp" />
		<Unit filename="src/DX8Graphics.h" />
		<Unit filename="src/DX8Input.cpp" />
		<Unit filename="src/DX8Input.h" />
		<Unit filename="src/DX8Joystick.cpp" />
		<Unit filename="src/DX8Joystick.h" />
		<Unit filename="src/DX8Sound.cpp" />
		<Unit filename="src/DX8Sound.h" />
		<Unit filename="src/DX8Sprite.cpp" />
		<Unit filename="src/DX8Sprite.h" />
		<Unit filename="src/GUISystem.cpp" />
		<Unit filename="src/GUISystem.h" />
		<Unit filename="src/Gameplay.cpp" />
		<Unit filename="src/Gameplay.h" />
		<Unit filename="src/GegnerClass.cpp" />
		<Unit filename="src/GegnerClass.h" />
		<Unit filename="src/GegnerPowerBlock.h" />
		<Unit filename="src/Gegner_Auge.cpp" />
		<Unit filename="src/Gegner_Auge.h" />
		<Unit filename="src/Gegner_BallerDrone.cpp" />
		<Unit filename="src/Gegner_BallerDrone.h" />
		<Unit filename="src/Gegner_BigRocket.cpp" />
		<Unit filename="src/Gegner_BigRocket.h" />
		<Unit filename="src/Gegner_BlueBoulder.cpp" />
		<Unit filename="src/Gegner_BlueBoulder.h" />
		<Unit filename="src/Gegner_BrockelRock.cpp" />
		<Unit filename="src/Gegner_BrockelRock.h" />
		<Unit filename="src/Gegner_Climber.cpp" />
		<Unit filename="src/Gegner_Climber.h" />
		<Unit filename="src/Gegner_DeckenKrabbe.cpp" />
		<Unit filename="src/Gegner_DeckenKrabbe.h" />
		<Unit filename="src/Gegner_Deckenturm.cpp" />
		<Unit filename="src/Gegner_Deckenturm.h" />
		<Unit filename="src/Gegner_Diamant.cpp" />
		<Unit filename="src/Gegner_Diamant.h" />
		<Unit filename="src/Gegner_Drone.cpp" />
		<Unit filename="src/Gegner_Drone.h" />
		<Unit filename="src/Gegner_EierMann.cpp" />
		<Unit filename="src/Gegner_EierMann.h" />
		<Unit filename="src/Gegner_EisStachel.cpp" />
		<Unit filename="src/Gegner_EisStachel.h" />
		<Unit filename="src/Gegner_Eiszapfen.cpp" />
		<Unit filename="src/Gegner_Eiszapfen.h" />
		<Unit filename="src/Gegner_Extras.cpp" />
		<Unit filename="src/Gegner_Extras.h" />
		<Unit filename="src/Gegner_FallBombe.cpp" />
		<Unit filename="src/Gegner_FallBombe.h" />
		<Unit filename="src/Gegner_FallingRock.cpp" />
		<Unit filename="src/Gegner_FallingRock.h" />
		<Unit filename="src/Gegner_FetteRakete.cpp" />
		<Unit filename="src/Gegner_FetteRakete.h" />
		<Unit filename="src/Gegner_FetteSpinne.cpp" />
		<Unit filename="src/Gegner_FetteSpinne.h" />
		<Unit filename="src/Gegner_FieseDrone.cpp" />
		<Unit filename="src/Gegner_FieseDrone.h" />
		<Unit filename="src/Gegner_FieserFireWalker.cpp" />
		<Unit filename="src/Gegner_FieserFireWalker.h" />
		<Unit filename="src/Gegner_FieserWalker.cpp" />
		<Unit filename="src/Gegner_FieserWalker.h" />
		<Unit filename="src/Gegner_FireSpider.cpp" />
		<Unit filename="src/Gegner_FireSpider.h" />
		<Unit filename="src/Gegner_Fledermaus.cpp" />
		<Unit filename="src/Gegner_Fledermaus.h" />
		<Unit filename="src/Gegner_FlugKanone.cpp" />
		<Unit filename="src/Gegner_FlugKanone.h" />
		<Unit filename="src/Gegner_Flugsack.cpp" />
		<Unit filename="src/Gegner_Flugsack.h" />
		<Unit filename="src/Gegner_Geschuetz.cpp" />
		<Unit filename="src/Gegner_Geschuetz.h" />
		<Unit filename="src/Gegner_GunTower.cpp" />
		<Unit filename="src/Gegner_GunTower.h" />
		<Unit filename="src/Gegner_Helper.cpp" />
		<Unit filename="src/Gegner_Helper.h" />
		<Unit filename="src/Gegner_Jaeger.cpp" />
		<Unit filename="src/Gegner_Jaeger.h" />
		<Unit filename="src/Gegner_Kettenglied.cpp" />
		<Unit filename="src/Gegner_Kettenglied.h" />
		<Unit filename="src/Gegner_KrabblerLinks.cpp" />
		<Unit filename="src/Gegner_KrabblerLinks.h" />
		<Unit filename="src/Gegner_KrabblerOben.cpp" />
		<Unit filename="src/Gegner_KrabblerOben.h" />
		<Unit filename="src/Gegner_KrabblerRechts.cpp" />
		<Unit filename="src/Gegner_KrabblerRechts.h" />
		<Unit filename="src/Gegner_KugelGross.cpp" />
		<Unit filename="src/Gegner_KugelGross.h" />
		<Unit filename="src/Gegner_KugelKlein.cpp" />
		<Unit filename="src/Gegner_KugelKlein.h" />
		<Unit filename="src/Gegner_KugelMedium.cpp" />
		<Unit filename="src/Gegner_KugelMedium.h" />
		<Unit filename="src/Gegner_KugelRiesig.cpp" />
		<Unit filename="src/Gegner_KugelRiesig.h" />
		<Unit filename="src/Gegner_LaFass.cpp" />
		<Unit filename="src/Gegner_LaFass.h" />
		<Unit filename="src/Gegner_LavaBall.cpp" />
		<Unit filename="src/Gegner_LavaBall.h" />
		<Unit filename="src/Gegner_LavaBallSpawner.cpp" />
		<Unit filename="src/Gegner_LavaBallSpawner.h" />
		<Unit filename="src/Gegner_LavaKrabbe.cpp" />
		<Unit filename="src/Gegner_LavaKrabbe.h" />
		<Unit filename="src/Gegner_Lavamann.cpp" />
		<Unit filename="src/Gegner_Lavamann.h" />
		<Unit filename="src/Gegner_Made.cpp" />
		<Unit filename="src/Gegner_Made.h" />
		<Unit filename="src/Gegner_MiniRocket.cpp" />
		<Unit filename="src/Gegner_MiniRocket.h" />
		<Unit filename="src/Gegner_Minidragon.cpp" />
		<Unit filename="src/Gegner_Minidragon.h" />
		<Unit filename="src/Gegner_MittelSpinne.cpp" />
		<Unit filename="src/Gegner_MittelSpinne.h" />
		<Unit filename="src/Gegner_Mutant.cpp" />
		<Unit filename="src/Gegner_Mutant.h" />
		<Unit filename="src/Gegner_Nest.cpp" />
		<Unit filename="src/Gegner_Nest.h" />
		<Unit filename="src/Gegner_NeuFisch.cpp" />
		<Unit filename="src/Gegner_NeuFisch.h" />
		<Unit filename="src/Gegner_OneUp.cpp" />
		<Unit filename="src/Gegner_OneUp.h" />
		<Unit filename="src/Gegner_PFlanze.cpp" />
		<Unit filename="src/Gegner_Pflanze.h" />
		<Unit filename="src/Gegner_Piranha.cpp" />
		<Unit filename="src/Gegner_Piranha.h" />
		<Unit filename="src/Gegner_PokeNuke.cpp" />
		<Unit filename="src/Gegner_PokeNuke.h" />
		<Unit filename="src/Gegner_PowerBlock.cpp" />
		<Unit filename="src/Gegner_PowerBlock.h" />
		<Unit filename="src/Gegner_Punisher.cpp" />
		<Unit filename="src/Gegner_Punisher.h" />
		<Unit filename="src/Gegner_Qualle.cpp" />
		<Unit filename="src/Gegner_Qualle.h" />
		<Unit filename="src/Gegner_Raketenwerfer.cpp" />
		<Unit filename="src/Gegner_Raketenwerfer.h" />
		<Unit filename="src/Gegner_ReitFlugsack.cpp" />
		<Unit filename="src/Gegner_ReitFlugsack.h" />
		<Unit filename="src/Gegner_RoboMan1.cpp" />
		<Unit filename="src/Gegner_RoboMan1.h" />
		<Unit filename="src/Gegner_RoboRaupe.cpp" />
		<Unit filename="src/Gegner_RoboRaupe.h" />
		<Unit filename="src/Gegner_Rotzpott.cpp" />
		<Unit filename="src/Gegner_Rotzpott.h" />
		<Unit filename="src/Gegner_Schabe.cpp" />
		<Unit filename="src/Gegner_Schabe.h" />
		<Unit filename="src/Gegner_SchienenViech.cpp" />
		<Unit filename="src/Gegner_SchienenViech.h" />
		<Unit filename="src/Gegner_SchleimAlien.cpp" />
		<Unit filename="src/Gegner_SchleimAlien.h" />
		<Unit filename="src/Gegner_SchleimBoller.cpp" />
		<Unit filename="src/Gegner_SchleimBoller.h" />
		<Unit filename="src/Gegner_SchleimMaul.cpp" />
		<Unit filename="src/Gegner_SchleimMaul.h" />
		<Unit filename="src/Gegner_Schneekoppe.cpp" />
		<Unit filename="src/Gegner_Schneekoppe.h" />
		<Unit filename="src/Gegner_Schwabbel.cpp" />
		<Unit filename="src/Gegner_Schwabbel.h" />
		<Unit filename="src/Gegner_SideRocket.cpp" />
		<Unit filename="src/Gegner_SideRocket.h" />
		<Unit filename="src/Gegner_SkiWalker.cpp" />
		<Unit filename="src/Gegner_SkiWalker.h" />
		<Unit filename="src/Gegner_SmallWespe.cpp" />
		<Unit filename="src/Gegner_SmallWespe.h" />
		<Unit filename="src/Gegner_SnowBomb.cpp" />
		<Unit filename="src/Gegner_SnowBomb.h" />
		<Unit filename="src/Gegner_SpiderBomb.cpp" />
		<Unit filename="src/Gegner_SpiderBomb.h" />
		<Unit filename="src/Gegner_Spitter.cpp" />
		<Unit filename="src/Gegner_Spitter.h" />
		<Unit filename="src/Gegner_Spitterbombe.cpp" />
		<Unit filename="src/Gegner_Spitterbombe.h" />
		<Unit filename="src/Gegner_Stachelbeere.cpp" />
		<Unit filename="src/Gegner_Stachelbeere.h" />
		<Unit filename="src/Gegner_Stahlmuecke.cpp" />
		<Unit filename="src/Gegner_Stahlmuecke.h" />
		<Unit filename="src/Gegner_Stalagtit.cpp" />
		<Unit filename="src/Gegner_Stalagtit.h" />
		<Unit filename="src/Gegner_StarBig.cpp" />
		<Unit filename="src/Gegner_StarBig.h" />
		<Unit filename="src/Gegner_StarSmall.cpp" />
		<Unit filename="src/Gegner_StarSmall.h" />
		<Unit filename="src/Gegner_StelzSack.cpp" />
		<Unit filename="src/Gegner_StelzSack.h" />
		<Unit filename="src/Gegner_Stuff.h" />
		<Unit filename="src/Gegner_SwimWalker.cpp" />
		<Unit filename="src/Gegner_SwimWalker.h" />
		<Unit filename="src/Gegner_Walker.cpp" />
		<Unit filename="src/Gegner_Walker.h" />
		<Unit filename="src/Gegner_WandKannone.cpp" />
		<Unit filename="src/Gegner_WandKannone.h" />
		<Unit filename="src/Gegner_WandKrabbe.cpp" />
		<Unit filename="src/Gegner_WandKrabbe.h" />
		<Unit filename="src/Gegner_WasserMine.cpp" />
		<Unit filename="src/Gegner_WasserMine.h" />
		<Unit filename="src/Gegner_Zitrone.cpp" />
		<Unit filename="src/Gegner_Zitrone.h" />
		<Unit filename="src/GetKeyName.cpp" />
		<Unit filename="src/GetKeyName.h" />
		<Unit filename="src/Globals.h" />
		<Unit filename="src/HUD.cpp" />
		<Unit filename="src/HUD.h" />
		<Unit filename="src/Intro.cpp" />
		<Unit filename="src/Intro.h" />
		<Unit filename="src/Logdatei.cpp" />
		<Unit filename="src/Logdatei.h" />
		<Unit filename="src/Main.cpp" />
		<Unit filename="src/Main.h" />
		<Unit filename="src/MemLeaks.h" />
		<Unit filename="src/Menu.cpp" />
		<Unit filename="src/Menu.h" />
		<Unit filename="src/Outtro.cpp" />
		<Unit filename="src/Outtro.h" />
		<Unit filename="src/Partikelsystem.cpp" />
		<Unit filename="src/Partikelsystem.h" />
		<Unit filename="src/Player.cpp" />
		<Unit filename="src/Player.h" />
		<Unit filename="src/Projectiles.cpp" />
		<Unit filename="src/Projectiles.h" />
		<Unit filename="src/SDLPort/SDL_fmod.c">
			<Option compilerVar="CC" />
		</Unit>
		<Unit filename="src/SDLPort/SDL_fmod.h" />
		<Unit filename="src/SDLPort/SDL_port.cpp" />
		<Unit filename="src/SDLPort/SDL_port.h" />
		<Unit filename="src/SDLPort/cshader.cpp">
			<Option target="WIN32 GL2 Debug" />
			<Option target="Release" />
			<Option target="Linux GL2 Debug" />
			<Option target="Linux GLES2 Debug" />
			<Option target="Pandora GLES2" />
		</Unit>
		<Unit filename="src/SDLPort/cshader.h">
			<Option target="WIN32 GL2 Debug" />
			<Option target="Release" />
			<Option target="Linux GL2 Debug" />
			<Option target="Linux GLES2 Debug" />
			<Option target="Pandora GLES2" />
		</Unit>
		<Unit filename="src/SDLPort/eglport.c">
			<Option compilerVar="CC" />
			<Option target="Pandora GLES1" />
			<Option target="Linux GLES2 Debug" />
			<Option target="Linux GLES1 Debug" />
			<Option target="Pandora GLES2" />
		</Unit>
		<Unit filename="src/SDLPort/eglport.h">
			<Option target="Pandora GLES1" />
			<Option target="Linux GLES2 Debug" />
			<Option target="Linux GLES1 Debug" />
			<Option target="Pandora GLES2" />
		</Unit>
		<Unit filename="src/SDLPort/keymap.h" />
		<Unit filename="src/SDLPort/opengl.h" />
		<Unit filename="src/SDLPort/texture.cpp">
			<Option compilerVar="CC" />
		</Unit>
		<Unit filename="src/SDLPort/texture.h" />
		<Unit filename="src/Texts.cpp" />
		<Unit filename="src/Texts.h" />
		<Unit filename="src/Tileengine.cpp" />
		<Unit filename="src/Tileengine.h" />
		<Unit filename="src/Timer.cpp" />
		<Unit filename="src/Timer.h" />
		<Unit filename="src/Trigger_Bruecke.cpp" />
		<Unit filename="src/Trigger_Bruecke.h" />
		<Unit filename="src/Trigger_Column.cpp" />
		<Unit filename="src/Trigger_Column.h" />
		<Unit filename="src/Trigger_Column2.cpp" />
		<Unit filename="src/Trigger_Column2.h" />
		<Unit filename="src/Trigger_EndLevel.cpp" />
		<Unit filename="src/Trigger_EndLevel.h" />
		<Unit filename="src/Trigger_FadeMusic.cpp" />
		<Unit filename="src/Trigger_FadeMusic.h" />
		<Unit filename="src/Trigger_FahrStuhl.cpp" />
		<Unit filename="src/Trigger_Fahrstuhl.h" />
		<Unit filename="src/Trigger_Fass.cpp" />
		<Unit filename="src/Trigger_Fass.h" />
		<Unit filename="src/Trigger_Feuerspucker.cpp" />
		<Unit filename="src/Trigger_Feuerspucker.h" />
		<Unit filename="src/Trigger_Floating.cpp" />
		<Unit filename="src/Trigger_Floating.h" />
		<Unit filename="src/Trigger_Floating2.cpp" />
		<Unit filename="src/Trigger_Floating2.h" />
		<Unit filename="src/Trigger_Floating3.cpp" />
		<Unit filename="src/Trigger_Floating3.h" />
		<Unit filename="src/Trigger_Glubschi.cpp" />
		<Unit filename="src/Trigger_Glubschi.h" />
		<Unit filename="src/Trigger_Glubschi2.cpp" />
		<Unit filename="src/Trigger_Glubschi2.h" />
		<Unit filename="src/Trigger_LaFassSpawner.cpp" />
		<Unit filename="src/Trigger_LaFassSpawner.h" />
		<Unit filename="src/Trigger_Lift.cpp" />
		<Unit filename="src/Trigger_Lift.h" />
		<Unit filename="src/Trigger_LightFlare.cpp" />
		<Unit filename="src/Trigger_LightFlare.h" />
		<Unit filename="src/Trigger_LuefterGross.cpp" />
		<Unit filename="src/Trigger_LuefterGross.h" />
		<Unit filename="src/Trigger_LuefterKlein.cpp" />
		<Unit filename="src/Trigger_LuefterKlein.h" />
		<Unit filename="src/Trigger_LuefterKlein2.cpp" />
		<Unit filename="src/Trigger_LuefterKlein2.h" />
		<Unit filename="src/Trigger_Mushroom.cpp" />
		<Unit filename="src/Trigger_Mushroom.h" />
		<Unit filename="src/Trigger_PartikelSpawner.cpp" />
		<Unit filename="src/Trigger_PartikelSpawner.h" />
		<Unit filename="src/Trigger_Plattform.cpp" />
		<Unit filename="src/Trigger_Plattform.h" />
		<Unit filename="src/Trigger_Presse.cpp" />
		<Unit filename="src/Trigger_Presse.h" />
		<Unit filename="src/Trigger_Presswurst.cpp" />
		<Unit filename="src/Trigger_Presswurst.h" />
		<Unit filename="src/Trigger_SchleuseH.cpp" />
		<Unit filename="src/Trigger_SchleuseH.h" />
		<Unit filename="src/Trigger_SchleuseV.cpp" />
		<Unit filename="src/Trigger_SchleuseV.h" />
		<Unit filename="src/Trigger_Secret.cpp" />
		<Unit filename="src/Trigger_Secret.h" />
		<Unit filename="src/Trigger_ShootButton.cpp" />
		<Unit filename="src/Trigger_ShootButton.h" />
		<Unit filename="src/Trigger_ShootPlattform.cpp" />
		<Unit filename="src/Trigger_ShootPlattform.h" />
		<Unit filename="src/Trigger_Shrine.cpp" />
		<Unit filename="src/Trigger_Shrine.h" />
		<Unit filename="src/Trigger_SoundTrigger.cpp" />
		<Unit filename="src/Trigger_SoundTrigger.h" />
		<Unit filename="src/Trigger_Spikelift.cpp" />
		<Unit filename="src/Trigger_Spikelift.h" />
		<Unit filename="src/Trigger_Stampfstein.cpp" />
		<Unit filename="src/Trigger_Stampfstein.h" />
		<Unit filename="src/Trigger_SurfBrett.cpp" />
		<Unit filename="src/Trigger_SurfBrett.h" />
		<Unit filename="src/Trigger_Switch.cpp" />
		<Unit filename="src/Trigger_Switch.h" />
		<Unit filename="src/Trigger_Tube.cpp" />
		<Unit filename="src/Trigger_Tube.h" />
		<Unit filename="src/Trigger_TutorialText.cpp" />
		<Unit filename="src/Trigger_TutorialText.h" />
		<Unit filename="src/Trigger_Warning.cpp" />
		<Unit filename="src/Trigger_Warning.h" />
		<Unit filename="src/cml/cml/cml.h" />
		<Unit filename="src/cml/cml/constants.h" />
		<Unit filename="src/cml/cml/core/cml_assert.h" />
		<Unit filename="src/cml/cml/core/cml_meta.h" />
		<Unit filename="src/cml/cml/core/common.h" />
		<Unit filename="src/cml/cml/core/dynamic_1D.h" />
		<Unit filename="src/cml/cml/core/dynamic_2D.h" />
		<Unit filename="src/cml/cml/core/external_1D.h" />
		<Unit filename="src/cml/cml/core/external_2D.h" />
		<Unit filename="src/cml/cml/core/fixed_1D.h" />
		<Unit filename="src/cml/cml/core/fixed_2D.h" />
		<Unit filename="src/cml/cml/core/fwd.h" />
		<Unit filename="src/cml/cml/core/meta/common.h" />
		<Unit filename="src/cml/cml/core/meta/if.h" />
		<Unit filename="src/cml/cml/core/meta/switch.h" />
		<Unit filename="src/cml/cml/defaults.h" />
		<Unit filename="src/cml/cml/dynamic.h" />
		<Unit filename="src/cml/cml/et/array_promotions.h" />
		<Unit filename="src/cml/cml/et/scalar_ops.h" />
		<Unit filename="src/cml/cml/et/scalar_promotions.h" />
		<Unit filename="src/cml/cml/et/size_checking.h" />
		<Unit filename="src/cml/cml/et/tags.h" />
		<Unit filename="src/cml/cml/et/traits.h" />
		<Unit filename="src/cml/cml/external.h" />
		<Unit filename="src/cml/cml/fixed.h" />
		<Unit filename="src/cml/cml/mathlib/checking.h" />
		<Unit filename="src/cml/cml/mathlib/coord_conversion.h" />
		<Unit filename="src/cml/cml/mathlib/epsilon.h" />
		<Unit filename="src/cml/cml/mathlib/frustum.h" />
		<Unit filename="src/cml/cml/mathlib/helper.h" />
		<Unit filename="src/cml/cml/mathlib/interpolation.h" />
		<Unit filename="src/cml/cml/mathlib/mathlib.h" />
		<Unit filename="src/cml/cml/mathlib/matrix_basis.h" />
		<Unit filename="src/cml/cml/mathlib/matrix_concat.h" />
		<Unit filename="src/cml/cml/mathlib/matrix_misc.h" />
		<Unit filename="src/cml/cml/mathlib/matrix_ortho.h" />
		<Unit filename="src/cml/cml/mathlib/matrix_projection.h" />
		<Unit filename="src/cml/cml/mathlib/matrix_rotation.h" />
		<Unit filename="src/cml/cml/mathlib/matrix_transform.h" />
		<Unit filename="src/cml/cml/mathlib/matrix_translation.h" />
		<Unit filename="src/cml/cml/mathlib/misc.h" />
		<Unit filename="src/cml/cml/mathlib/picking.h" />
		<Unit filename="src/cml/cml/mathlib/projection.h" />
		<Unit filename="src/cml/cml/mathlib/quaternion_basis.h" />
		<Unit filename="src/cml/cml/mathlib/quaternion_rotation.h" />
		<Unit filename="src/cml/cml/mathlib/typedef.h" />
		<Unit filename="src/cml/cml/mathlib/vector_angle.h" />
		<Unit filename="src/cml/cml/mathlib/vector_misc.h" />
		<Unit filename="src/cml/cml/mathlib/vector_ortho.h" />
		<Unit filename="src/cml/cml/mathlib/vector_transform.h" />
		<Unit filename="src/cml/cml/matrix.h" />
		<Unit filename="src/cml/cml/matrix/class_ops.h" />
		<Unit filename="src/cml/cml/matrix/determinant.h" />
		<Unit filename="src/cml/cml/matrix/dynamic.h" />
		<Unit filename="src/cml/cml/matrix/external.h" />
		<Unit filename="src/cml/cml/matrix/fixed.h" />
		<Unit filename="src/cml/cml/matrix/inverse.h" />
		<Unit filename="src/cml/cml/matrix/lu.h" />
		<Unit filename="src/cml/cml/matrix/matop_macros.h" />
		<Unit filename="src/cml/cml/matrix/matrix_comparison.h" />
		<Unit filename="src/cml/cml/matrix/matrix_expr.h" />
		<Unit filename="src/cml/cml/matrix/matrix_functions.h" />
		<Unit filename="src/cml/cml/matrix/matrix_mul.h" />
		<Unit filename="src/cml/cml/matrix/matrix_ops.h" />
		<Unit filename="src/cml/cml/matrix/matrix_print.h" />
		<Unit filename="src/cml/cml/matrix/matrix_promotions.h" />
		<Unit filename="src/cml/cml/matrix/matrix_rowcol.h" />
		<Unit filename="src/cml/cml/matrix/matrix_traits.h" />
		<Unit filename="src/cml/cml/matrix/matrix_transpose.h" />
		<Unit filename="src/cml/cml/matrix/matrix_unroller.h" />
		<Unit filename="src/cml/cml/matvec/matvec_mul.h" />
		<Unit filename="src/cml/cml/matvec/matvec_promotions.h" />
		<Unit filename="src/cml/cml/quaternion.h" />
		<Unit filename="src/cml/cml/quaternion/conjugate.h" />
		<Unit filename="src/cml/cml/quaternion/inverse.h" />
		<Unit filename="src/cml/cml/quaternion/quaternion.h" />
		<Unit filename="src/cml/cml/quaternion/quaternion_comparison.h" />
		<Unit filename="src/cml/cml/quaternion/quaternion_dot.h" />
		<Unit filename="src/cml/cml/quaternion/quaternion_expr.h" />
		<Unit filename="src/cml/cml/quaternion/quaternion_functions.h" />
		<Unit filename="src/cml/cml/quaternion/quaternion_mul.h" />
		<Unit filename="src/cml/cml/quaternion/quaternion_ops.h" />
		<Unit filename="src/cml/cml/quaternion/quaternion_print.h" />
		<Unit filename="src/cml/cml/quaternion/quaternion_promotions.h" />
		<Unit filename="src/cml/cml/quaternion/quaternion_traits.h" />
		<Unit filename="src/cml/cml/quaternion/quatop_macros.h" />
		<Unit filename="src/cml/cml/util.h" />
		<Unit filename="src/cml/cml/vector.h" />
		<Unit filename="src/cml/cml/vector/class_ops.h" />
		<Unit filename="src/cml/cml/vector/dynamic.h" />
		<Unit filename="src/cml/cml/vector/external.h" />
		<Unit filename="src/cml/cml/vector/fixed.h" />
		<Unit filename="src/cml/cml/vector/vecop_macros.h" />
		<Unit filename="src/cml/cml/vector/vector_comparison.h" />
		<Unit filename="src/cml/cml/vector/vector_expr.h" />
		<Unit filename="src/cml/cml/vector/vector_functions.h" />
		<Unit filename="src/cml/cml/vector/vector_ops.h" />
		<Unit filename="src/cml/cml/vector/vector_print.h" />
		<Unit filename="src/cml/cml/vector/vector_products.h" />
		<Unit filename="src/cml/cml/vector/vector_promotions.h" />
		<Unit filename="src/cml/cml/vector/vector_traits.h" />
		<Unit filename="src/cml/cml/vector/vector_unroller.h" />
		<Unit filename="src/lightmap.cpp" />
		<Unit filename="src/lightmap.h" />
		<Unit filename="src/mymath.h" />
		<Unit filename="src/resource.h" />
		<Unit filename="src/stdafx.cpp" />
		<Unit filename="src/stdafx.h" />
		<Unit filename="src/tracealloc.cpp" />
		<Unit filename="src/unrarlib040/unrarlib/unrarlib.c">
			<Option compilerVar="CC" />
		</Unit>
		<Unit filename="src/unrarlib040/unrarlib/unrarlib.h" />
		<Extensions>
			<code_completion />
			<debugger />
			<envvars />
			<DoxyBlocks>
				<comment_style block="0" line="0" />
				<doxyfile_project />
				<doxyfile_build />
				<doxyfile_warnings />
				<doxyfile_output />
				<doxyfile_dot />
				<general />
			</DoxyBlocks>
		</Extensions>
	</Project>
</CodeBlocks_project_file>
